Microsoft Visual Studio Solution File, Format Version 8.00
Project("{FAE04EC0-301F-11D3-BF4B-00C04F79EFBC}") = "SASPress.Examples.Lifecycle", "SASPress.Examples.Lifecycle.csproj", "{BE4D684C-C695-495E-A7F1-8159A59227F1}"
	ProjectSection(ProjectDependencies) = postProject
	EndProjectSection
EndProject
Global
	GlobalSection(SolutionConfiguration) = preSolution
		Debug = Debug
		Release = Release
	EndGlobalSection
	GlobalSection(ProjectDependencies) = postSolution
	EndGlobalSection
	GlobalSection(ProjectConfiguration) = postSolution
		{BE4D684C-C695-495E-A7F1-8159A59227F1}.Debug.ActiveCfg = Debug|.NET
		{BE4D684C-C695-495E-A7F1-8159A59227F1}.Debug.Build.0 = Debug|.NET
		{BE4D684C-C695-495E-A7F1-8159A59227F1}.Release.ActiveCfg = Release|.NET
		{BE4D684C-C695-495E-A7F1-8159A59227F1}.Release.Build.0 = Release|.NET
	EndGlobalSection
	GlobalSection(ExtensibilityGlobals) = postSolution
	EndGlobalSection
	GlobalSection(ExtensibilityAddIns) = postSolution
	EndGlobalSection
EndGlobal
